
Microsoft Visual Studio Solution File, Format Version 11.00
# Visual Studio 2010
Project("{FAE04EC0-301F-11D3-BF4B-00C04F79EFBC}") = "TenplateGame_Video", "Assembly-CSharp.csproj", "{AC1FA78B-D7F0-33E8-2FE3-0C75D82D05A2}"
EndProject
Project("{FAE04EC0-301F-11D3-BF4B-00C04F79EFBC}") = "TenplateGame_Video", "Assembly-CSharp-Editor.csproj", "{D68C5EC3-6F89-A7FB-1B8F-566BE5C5401F}"
EndProject
Global
	GlobalSection(SolutionConfigurationPlatforms) = preSolution
		Debug|Any CPU = Debug|Any CPU
		Release|Any CPU = Release|Any CPU
	EndGlobalSection
	GlobalSection(ProjectConfigurationPlatforms) = postSolution
		{AC1FA78B-D7F0-33E8-2FE3-0C75D82D05A2}.Debug|Any CPU.ActiveCfg = Debug|Any CPU
		{AC1FA78B-D7F0-33E8-2FE3-0C75D82D05A2}.Debug|Any CPU.Build.0 = Debug|Any CPU
		{AC1FA78B-D7F0-33E8-2FE3-0C75D82D05A2}.Release|Any CPU.ActiveCfg = Release|Any CPU
		{AC1FA78B-D7F0-33E8-2FE3-0C75D82D05A2}.Release|Any CPU.Build.0 = Release|Any CPU
		{D68C5EC3-6F89-A7FB-1B8F-566BE5C5401F}.Debug|Any CPU.ActiveCfg = Debug|Any CPU
		{D68C5EC3-6F89-A7FB-1B8F-566BE5C5401F}.Debug|Any CPU.Build.0 = Debug|Any CPU
		{D68C5EC3-6F89-A7FB-1B8F-566BE5C5401F}.Release|Any CPU.ActiveCfg = Release|Any CPU
		{D68C5EC3-6F89-A7FB-1B8F-566BE5C5401F}.Release|Any CPU.Build.0 = Release|Any CPU
	EndGlobalSection
	GlobalSection(SolutionProperties) = preSolution
		HideSolutionNode = FALSE
	EndGlobalSection
	GlobalSection(MonoDevelopProperties) = preSolution
		StartupItem = Assembly-CSharp.csproj
	EndGlobalSection
EndGlobal
